
Microsoft Visual Studio Solution File, Format Version 12.00
# Visual Studio Version 16
VisualStudioVersion = 25.0.1706.13
MinimumVisualStudioVersion = 10.0.40219.1
Project("{FAE04EC0-301F-11D3-BF4B-00C04F79EFBC}") = "StullerGifTest.Android", "StullerGifTest\StullerGifTest.Android\StullerGifTest.Android.csproj", "{00826ED7-FB75-4050-A05C-F3BDBF6F65D2}"
EndProject
Project("{FAE04EC0-301F-11D3-BF4B-00C04F79EFBC}") = "StullerGifTest", "StullerGifTest\StullerGifTest\StullerGifTest.csproj", "{94BBD42B-70E3-40F4-B91D-F572F85D3DBC}"
EndProject
Global
	GlobalSection(SolutionConfigurationPlatforms) = preSolution
		Debug|Any CPU = Debug|Any CPU
		Release|Any CPU = Release|Any CPU
	EndGlobalSection
	GlobalSection(ProjectConfigurationPlatforms) = postSolution
		{00826ED7-FB75-4050-A05C-F3BDBF6F65D2}.Debug|Any CPU.ActiveCfg = Debug|Any CPU
		{00826ED7-FB75-4050-A05C-F3BDBF6F65D2}.Debug|Any CPU.Build.0 = Debug|Any CPU
		{00826ED7-FB75-4050-A05C-F3BDBF6F65D2}.Release|Any CPU.ActiveCfg = Release|Any CPU
		{00826ED7-FB75-4050-A05C-F3BDBF6F65D2}.Release|Any CPU.Build.0 = Release|Any CPU
		{94BBD42B-70E3-40F4-B91D-F572F85D3DBC}.Debug|Any CPU.ActiveCfg = Debug|Any CPU
		{94BBD42B-70E3-40F4-B91D-F572F85D3DBC}.Debug|Any CPU.Build.0 = Debug|Any CPU
		{94BBD42B-70E3-40F4-B91D-F572F85D3DBC}.Release|Any CPU.ActiveCfg = Release|Any CPU
		{94BBD42B-70E3-40F4-B91D-F572F85D3DBC}.Release|Any CPU.Build.0 = Release|Any CPU
	EndGlobalSection
	GlobalSection(SolutionProperties) = preSolution
		HideSolutionNode = FALSE
	EndGlobalSection
	GlobalSection(ExtensibilityGlobals) = postSolution
		SolutionGuid = {BEA47238-B5F4-4F4E-AD1F-B140512D7AEC}
	EndGlobalSection
EndGlobal
